
Microsoft Visual Studio Solution File, Format Version 12.00
# Visual Studio Version 16
VisualStudioVersion = 16.0.31005.135
MinimumVisualStudioVersion = 10.0.40219.1
Project("{FAE04EC0-301F-11D3-BF4B-00C04F79EFBC}") = "IoBoxSimulation", "IoBoxSimulation\IoBoxSimulation.csproj", "{F2580A90-98CF-4B8A-8832-9ED2AE02EC43}"
EndProject
Global
	GlobalSection(SolutionConfigurationPlatforms) = preSolution
		Debug|Any CPU = Debug|Any CPU
		Release|Any CPU = Release|Any CPU
	EndGlobalSection
	GlobalSection(ProjectConfigurationPlatforms) = postSolution
		{F2580A90-98CF-4B8A-8832-9ED2AE02EC43}.Debug|Any CPU.ActiveCfg = Debug|Any CPU
		{F2580A90-98CF-4B8A-8832-9ED2AE02EC43}.Debug|Any CPU.Build.0 = Debug|Any CPU
		{F2580A90-98CF-4B8A-8832-9ED2AE02EC43}.Release|Any CPU.ActiveCfg = Release|Any CPU
		{F2580A90-98CF-4B8A-8832-9ED2AE02EC43}.Release|Any CPU.Build.0 = Release|Any CPU
	EndGlobalSection
	GlobalSection(SolutionProperties) = preSolution
		HideSolutionNode = FALSE
	EndGlobalSection
	GlobalSection(ExtensibilityGlobals) = postSolution
		SolutionGuid = {AA9344E1-E082-4DED-AB8E-1E5C789BA9A7}
	EndGlobalSection
EndGlobal
